// !$*UTF8*$!
{
	archiveVersion = 1;
	classes = {
	};
	objectVersion = 55;
	objects = {

/* Begin PBXBuildFile section */
		9F2F29AC2855EAE0006CEBAF /* AppDelegate.swift in Sources */ = {isa = PBXBuildFile; fileRef = 9F2F29AB2855EAE0006CEBAF /* AppDelegate.swift */; };
		9F2F29AE2855EAE0006CEBAF /* SceneDelegate.swift in Sources */ = {isa = PBXBuildFile; fileRef = 9F2F29AD2855EAE0006CEBAF /* SceneDelegate.swift */; };
		9F2F29B32855EAE0006CEBAF /* Main.storyboard in Resources */ = {isa = PBXBuildFile; fileRef = 9F2F29B12855EAE0006CEBAF /* Main.storyboard */; };
		9F2F29B52855EAE2006CEBAF /* Assets.xcassets in Resources */ = {isa = PBXBuildFile; fileRef = 9F2F29B42855EAE2006CEBAF /* Assets.xcassets */; };
		9F2F29B82855EAE2006CEBAF /* LaunchScreen.storyboard in Resources */ = {isa = PBXBuildFile; fileRef = 9F2F29B62855EAE2006CEBAF /* LaunchScreen.storyboard */; };
		9F2F29C02855EC77006CEBAF /* NewsTableViewController.swift in Sources */ = {isa = PBXBuildFile; fileRef = 9F2F29BF2855EC77006CEBAF /* NewsTableViewController.swift */; };
		9F2F29D1285764A4006CEBAF /* News.swift in Sources */ = {isa = PBXBuildFile; fileRef = 9F2F29D0285764A4006CEBAF /* News.swift */; };
		9F2F29D5285A4CEA006CEBAF /* NetworkService.swift in Sources */ = {isa = PBXBuildFile; fileRef = 9F2F29D4285A4CEA006CEBAF /* NetworkService.swift */; };
		9F2F29D7285A4CF5006CEBAF /* NetworkDataFetcher.swift in Sources */ = {isa = PBXBuildFile; fileRef = 9F2F29D6285A4CF5006CEBAF /* NetworkDataFetcher.swift */; };
		9F2F29D9285A4CFD006CEBAF /* DataFetcherService.swift in Sources */ = {isa = PBXBuildFile; fileRef = 9F2F29D8285A4CFD006CEBAF /* DataFetcherService.swift */; };
		9F2F29DB285A4D09006CEBAF /* ImageManager.swift in Sources */ = {isa = PBXBuildFile; fileRef = 9F2F29DA285A4D09006CEBAF /* ImageManager.swift */; };
		9F2F29DE285A5805006CEBAF /* Category.swift in Sources */ = {isa = PBXBuildFile; fileRef = 9F2F29DD285A5805006CEBAF /* Category.swift */; };
		9F2F29E0285B3A4D006CEBAF /* NewsTableViewCell.swift in Sources */ = {isa = PBXBuildFile; fileRef = 9F2F29DF285B3A4D006CEBAF /* NewsTableViewCell.swift */; };
		9F2F29E2285B3A5D006CEBAF /* NewsCollectionViewCell.swift in Sources */ = {isa = PBXBuildFile; fileRef = 9F2F29E1285B3A5D006CEBAF /* NewsCollectionViewCell.swift */; };
		9F2F29E5285B4725006CEBAF /* Extension+String.swift in Sources */ = {isa = PBXBuildFile; fileRef = 9F2F29E4285B4725006CEBAF /* Extension+String.swift */; };
/* End PBXBuildFile section */

/* Begin PBXFileReference section */
		9F2F29A82855EAE0006CEBAF /* News-App.app */ = {isa = PBXFileReference; explicitFileType = wrapper.application; includeInIndex = 0; path = "News-App.app"; sourceTree = BUILT_PRODUCTS_DIR; };
		9F2F29AB2855EAE0006CEBAF /* AppDelegate.swift */ = {isa = PBXFileReference; lastKnownFileType = sourcecode.swift; path = AppDelegate.swift; sourceTree = "<group>"; };
		9F2F29AD2855EAE0006CEBAF /* SceneDelegate.swift */ = {isa = PBXFileReference; lastKnownFileType = sourcecode.swift; path = SceneDelegate.swift; sourceTree = "<group>"; };
		9F2F29B22855EAE0006CEBAF /* Base */ = {isa = PBXFileReference; lastKnownFileType = file.storyboard; name = Base; path = Base.lproj/Main.storyboard; sourceTree = "<group>"; };
		9F2F29B42855EAE2006CEBAF /* Assets.xcassets */ = {isa = PBXFileReference; lastKnownFileType = folder.assetcatalog; path = Assets.xcassets; sourceTree = "<group>"; };
		9F2F29B72855EAE2006CEBAF /* Base */ = {isa = PBXFileReference; lastKnownFileType = file.storyboard; name = Base; path = Base.lproj/LaunchScreen.storyboard; sourceTree = "<group>"; };
		9F2F29B92855EAE2006CEBAF /* Info.plist */ = {isa = PBXFileReference; lastKnownFileType = text.plist.xml; path = Info.plist; sourceTree = "<group>"; };
		9F2F29BF2855EC77006CEBAF /* NewsTableViewController.swift */ = {isa = PBXFileReference; lastKnownFileType = sourcecode.swift; path = NewsTableViewController.swift; sourceTree = "<group>"; };
		9F2F29D0285764A4006CEBAF /* News.swift */ = {isa = PBXFileReference; lastKnownFileType = sourcecode.swift; path = News.swift; sourceTree = "<group>"; };
		9F2F29D4285A4CEA006CEBAF /* NetworkService.swift */ = {isa = PBXFileReference; fileEncoding = 4; lastKnownFileType = sourcecode.swift; path = NetworkService.swift; sourceTree = "<group>"; };
		9F2F29D6285A4CF5006CEBAF /* NetworkDataFetcher.swift */ = {isa = PBXFileReference; fileEncoding = 4; lastKnownFileType = sourcecode.swift; path = NetworkDataFetcher.swift; sourceTree = "<group>"; };
		9F2F29D8285A4CFD006CEBAF /* DataFetcherService.swift */ = {isa = PBXFileReference; fileEncoding = 4; lastKnownFileType = sourcecode.swift; path = DataFetcherService.swift; sourceTree = "<group>"; };
		9F2F29DA285A4D09006CEBAF /* ImageManager.swift */ = {isa = PBXFileReference; fileEncoding = 4; lastKnownFileType = sourcecode.swift; path = ImageManager.swift; sourceTree = "<group>"; };
		9F2F29DD285A5805006CEBAF /* Category.swift */ = {isa = PBXFileReference; lastKnownFileType = sourcecode.swift; path = Category.swift; sourceTree = "<group>"; };
		9F2F29DF285B3A4D006CEBAF /* NewsTableViewCell.swift */ = {isa = PBXFileReference; lastKnownFileType = sourcecode.swift; path = NewsTableViewCell.swift; sourceTree = "<group>"; };
		9F2F29E1285B3A5D006CEBAF /* NewsCollectionViewCell.swift */ = {isa = PBXFileReference; lastKnownFileType = sourcecode.swift; path = NewsCollectionViewCell.swift; sourceTree = "<group>"; };
		9F2F29E4285B4725006CEBAF /* Extension+String.swift */ = {isa = PBXFileReference; lastKnownFileType = sourcecode.swift; path = "Extension+String.swift"; sourceTree = "<group>"; };
/* End PBXFileReference section */

/* Begin PBXFrameworksBuildPhase section */
		9F2F29A52855EAE0006CEBAF /* Frameworks */ = {
			isa = PBXFrameworksBuildPhase;
			buildActionMask = 2147483647;
			files = (
			);
			runOnlyForDeploymentPostprocessing = 0;
		};
/* End PBXFrameworksBuildPhase section */

/* Begin PBXGroup section */
		9F2F299F2855EAE0006CEBAF = {
			isa = PBXGroup;
			children = (
				9F2F29AA2855EAE0006CEBAF /* News-App */,
				9F2F29A92855EAE0006CEBAF /* Products */,
			);
			sourceTree = "<group>";
		};
		9F2F29A92855EAE0006CEBAF /* Products */ = {
			isa = PBXGroup;
			children = (
				9F2F29A82855EAE0006CEBAF /* News-App.app */,
			);
			name = Products;
			sourceTree = "<group>";
		};
		9F2F29AA2855EAE0006CEBAF /* News-App */ = {
			isa = PBXGroup;
			children = (
				9F2F29E3285B46E8006CEBAF /* Extensions */,
				9F2F29DC285A57E7006CEBAF /* Storage */,
				9F2F29D3285A4CB0006CEBAF /* Services */,
				9F2F29D2285A4C99006CEBAF /* Storyboards */,
				9F2F29CB2856294B006CEBAF /* Models */,
				9F2F29AB2855EAE0006CEBAF /* AppDelegate.swift */,
				9F2F29AD2855EAE0006CEBAF /* SceneDelegate.swift */,
				9F2F29C22855F08F006CEBAF /* Cells */,
				9F2F29C12855EC83006CEBAF /* View Controllers */,
				9F2F29B42855EAE2006CEBAF /* Assets.xcassets */,
				9F2F29B92855EAE2006CEBAF /* Info.plist */,
			);
			path = "News-App";
			sourceTree = "<group>";
		};
		9F2F29C12855EC83006CEBAF /* View Controllers */ = {
			isa = PBXGroup;
			children = (
				9F2F29BF2855EC77006CEBAF /* NewsTableViewController.swift */,
			);
			path = "View Controllers";
			sourceTree = "<group>";
		};
		9F2F29C22855F08F006CEBAF /* Cells */ = {
			isa = PBXGroup;
			children = (
				9F2F29DF285B3A4D006CEBAF /* NewsTableViewCell.swift */,
				9F2F29E1285B3A5D006CEBAF /* NewsCollectionViewCell.swift */,
			);
			path = Cells;
			sourceTree = "<group>";
		};
		9F2F29CB2856294B006CEBAF /* Models */ = {
			isa = PBXGroup;
			children = (
				9F2F29D0285764A4006CEBAF /* News.swift */,
			);
			path = Models;
			sourceTree = "<group>";
		};
		9F2F29D2285A4C99006CEBAF /* Storyboards */ = {
			isa = PBXGroup;
			children = (
				9F2F29B12855EAE0006CEBAF /* Main.storyboard */,
				9F2F29B62855EAE2006CEBAF /* LaunchScreen.storyboard */,
			);
			path = Storyboards;
			sourceTree = "<group>";
		};
		9F2F29D3285A4CB0006CEBAF /* Services */ = {
			isa = PBXGroup;
			children = (
				9F2F29D4285A4CEA006CEBAF /* NetworkService.swift */,
				9F2F29D6285A4CF5006CEBAF /* NetworkDataFetcher.swift */,
				9F2F29D8285A4CFD006CEBAF /* DataFetcherService.swift */,
				9F2F29DA285A4D09006CEBAF /* ImageManager.swift */,
			);
			path = Services;
			sourceTree = "<group>";
		};
		9F2F29DC285A57E7006CEBAF /* Storage */ = {
			isa = PBXGroup;
			children = (
				9F2F29DD285A5805006CEBAF /* Category.swift */,
			);
			path = Storage;
			sourceTree = "<group>";
		};
		9F2F29E3285B46E8006CEBAF /* Extensions */ = {
			isa = PBXGroup;
			children = (
				9F2F29E4285B4725006CEBAF /* Extension+String.swift */,
			);
			path = Extensions;
			sourceTree = "<group>";
		};
/* End PBXGroup section */

/* Begin PBXNativeTarget section */
		9F2F29A72855EAE0006CEBAF /* News-App */ = {
			isa = PBXNativeTarget;
			buildConfigurationList = 9F2F29BC2855EAE2006CEBAF /* Build configuration list for PBXNativeTarget "News-App" */;
			buildPhases = (
				9F2F29A42855EAE0006CEBAF /* Sources */,
				9F2F29A52855EAE0006CEBAF /* Frameworks */,
				9F2F29A62855EAE0006CEBAF /* Resources */,
			);
			buildRules = (
			);
			dependencies = (
			);
			name = "News-App";
			productName = "News-App";
			productReference = 9F2F29A82855EAE0006CEBAF /* News-App.app */;
			productType = "com.apple.product-type.application";
		};
/* End PBXNativeTarget section */

/* Begin PBXProject section */
		9F2F29A02855EAE0006CEBAF /* Project object */ = {
			isa = PBXProject;
			attributes = {
				BuildIndependentTargetsInParallel = 1;
				LastSwiftUpdateCheck = 1330;
				LastUpgradeCheck = 1330;
				TargetAttributes = {
					9F2F29A72855EAE0006CEBAF = {
						CreatedOnToolsVersion = 13.3;
					};
				};
			};
			buildConfigurationList = 9F2F29A32855EAE0006CEBAF /* Build configuration list for PBXProject "News-App" */;
			compatibilityVersion = "Xcode 13.0";
			developmentRegion = en;
			hasScannedForEncodings = 0;
			knownRegions = (
				en,
				Base,
			);
			mainGroup = 9F2F299F2855EAE0006CEBAF;
			productRefGroup = 9F2F29A92855EAE0006CEBAF /* Products */;
			projectDirPath = "";
			projectRoot = "";
			targets = (
				9F2F29A72855EAE0006CEBAF /* News-App */,
			);
		};
/* End PBXProject section */

/* Begin PBXResourcesBuildPhase section */
		9F2F29A62855EAE0006CEBAF /* Resources */ = {
			isa = PBXResourcesBuildPhase;
			buildActionMask = 2147483647;
			files = (
				9F2F29B82855EAE2006CEBAF /* LaunchScreen.storyboard in Resources */,
				9F2F29B52855EAE2006CEBAF /* Assets.xcassets in Resources */,
				9F2F29B32855EAE0006CEBAF /* Main.storyboard in Resources */,
			);
			runOnlyForDeploymentPostprocessing = 0;
		};
/* End PBXResourcesBuildPhase section */

/* Begin PBXSourcesBuildPhase section */
		9F2F29A42855EAE0006CEBAF /* Sources */ = {
			isa = PBXSourcesBuildPhase;
			buildActionMask = 2147483647;
			files = (
				9F2F29AC2855EAE0006CEBAF /* AppDelegate.swift in Sources */,
				9F2F29D1285764A4006CEBAF /* News.swift in Sources */,
				9F2F29E0285B3A4D006CEBAF /* NewsTableViewCell.swift in Sources */,
				9F2F29E2285B3A5D006CEBAF /* NewsCollectionViewCell.swift in Sources */,
				9F2F29DB285A4D09006CEBAF /* ImageManager.swift in Sources */,
				9F2F29AE2855EAE0006CEBAF /* SceneDelegate.swift in Sources */,
				9F2F29D7285A4CF5006CEBAF /* NetworkDataFetcher.swift in Sources */,
				9F2F29D9285A4CFD006CEBAF /* DataFetcherService.swift in Sources */,
				9F2F29E5285B4725006CEBAF /* Extension+String.swift in Sources */,
				9F2F29D5285A4CEA006CEBAF /* NetworkService.swift in Sources */,
				9F2F29C02855EC77006CEBAF /* NewsTableViewController.swift in Sources */,
				9F2F29DE285A5805006CEBAF /* Category.swift in Sources */,
			);
			runOnlyForDeploymentPostprocessing = 0;
		};
/* End PBXSourcesBuildPhase section */

/* Begin PBXVariantGroup section */
		9F2F29B12855EAE0006CEBAF /* Main.storyboard */ = {
			isa = PBXVariantGroup;
			children = (
				9F2F29B22855EAE0006CEBAF /* Base */,
			);
			name = Main.storyboard;
			sourceTree = "<group>";
		};
		9F2F29B62855EAE2006CEBAF /* LaunchScreen.storyboard */ = {
			isa = PBXVariantGroup;
			children = (
				9F2F29B72855EAE2006CEBAF /* Base */,
			);
			name = LaunchScreen.storyboard;
			sourceTree = "<group>";
		};
/* End PBXVariantGroup section */

/* Begin XCBuildConfiguration section */
		9F2F29BA2855EAE2006CEBAF /* Debug */ = {
			isa = XCBuildConfiguration;
			buildSettings = {
				ALWAYS_SEARCH_USER_PATHS = NO;
				CLANG_ANALYZER_NONNULL = YES;
				CLANG_ANALYZER_NUMBER_OBJECT_CONVERSION = YES_AGGRESSIVE;
				CLANG_CXX_LANGUAGE_STANDARD = "gnu++17";
				CLANG_ENABLE_MODULES = YES;
				CLANG_ENABLE_OBJC_ARC = YES;
				CLANG_ENABLE_OBJC_WEAK = YES;
				CLANG_WARN_BLOCK_CAPTURE_AUTORELEASING = YES;
				CLANG_WARN_BOOL_CONVERSION = YES;
				CLANG_WARN_COMMA = YES;
				CLANG_WARN_CONSTANT_CONVERSION = YES;
				CLANG_WARN_DEPRECATED_OBJC_IMPLEMENTATIONS = YES;
				CLANG_WARN_DIRECT_OBJC_ISA_USAGE = YES_ERROR;
				CLANG_WARN_DOCUMENTATION_COMMENTS = YES;
				CLANG_WARN_EMPTY_BODY = YES;
				CLANG_WARN_ENUM_CONVERSION = YES;
				CLANG_WARN_INFINITE_RECURSION = YES;
				CLANG_WARN_INT_CONVERSION = YES;
				CLANG_WARN_NON_LITERAL_NULL_CONVERSION = YES;
				CLANG_WARN_OBJC_IMPLICIT_RETAIN_SELF = YES;
				CLANG_WARN_OBJC_LITERAL_CONVERSION = YES;
				CLANG_WARN_OBJC_ROOT_CLASS = YES_ERROR;
				CLANG_WARN_QUOTED_INCLUDE_IN_FRAMEWORK_HEADER = YES;
				CLANG_WARN_RANGE_LOOP_ANALYSIS = YES;
				CLANG_WARN_STRICT_PROTOTYPES = YES;
				CLANG_WARN_SUSPICIOUS_MOVE = YES;
				CLANG_WARN_UNGUARDED_AVAILABILITY = YES_AGGRESSIVE;
				CLANG_WARN_UNREACHABLE_CODE = YES;
				CLANG_WARN__DUPLICATE_METHOD_MATCH = YES;
				COPY_PHASE_STRIP = NO;
				DEBUG_INFORMATION_FORMAT = dwarf;
				ENABLE_STRICT_OBJC_MSGSEND = YES;
				ENABLE_TESTABILITY = YES;
				GCC_C_LANGUAGE_STANDARD = gnu11;
				GCC_DYNAMIC_NO_PIC = NO;
				GCC_NO_COMMON_BLOCKS = YES;
				GCC_OPTIMIZATION_LEVEL = 0;
				GCC_PREPROCESSOR_DEFINITIONS = (
					"DEBUG=1",
					"$(inherited)",
				);
				GCC_WARN_64_TO_32_BIT_CONVERSION = YES;
				GCC_WARN_ABOUT_RETURN_TYPE = YES_ERROR;
				GCC_WARN_UNDECLARED_SELECTOR = YES;
				GCC_WARN_UNINITIALIZED_AUTOS = YES_AGGRESSIVE;
				GCC_WARN_UNUSED_FUNCTION = YES;
				GCC_WARN_UNUSED_VARIABLE = YES;
				IPHONEOS_DEPLOYMENT_TARGET = 15.4;
				MTL_ENABLE_DEBUG_INFO = INCLUDE_SOURCE;
				MTL_FAST_MATH = YES;
				ONLY_ACTIVE_ARCH = YES;
				SDKROOT = iphoneos;
				SWIFT_ACTIVE_COMPILATION_CONDITIONS = DEBUG;
				SWIFT_OPTIMIZATION_LEVEL = "-Onone";
			};
			name = Debug;
		};
		9F2F29BB2855EAE2006CEBAF /* Release */ = {
			isa = XCBuildConfiguration;
			buildSettings = {
				ALWAYS_SEARCH_USER_PATHS = NO;
				CLANG_ANALYZER_NONNULL = YES;
				CLANG_ANALYZER_NUMBER_OBJECT_CONVERSION = YES_AGGRESSIVE;
				CLANG_CXX_LANGUAGE_STANDARD = "gnu++17";
				CLANG_ENABLE_MODULES = YES;
				CLANG_ENABLE_OBJC_ARC = YES;
				CLANG_ENABLE_OBJC_WEAK = YES;
				CLANG_WARN_BLOCK_CAPTURE_AUTORELEASING = YES;
				CLANG_WARN_BOOL_CONVERSION = YES;
				CLANG_WARN_COMMA = YES;
				CLANG_WARN_CONSTANT_CONVERSION = YES;
				CLANG_WARN_DEPRECATED_OBJC_IMPLEMENTATIONS = YES;
				CLANG_WARN_DIRECT_OBJC_ISA_USAGE = YES_ERROR;
				CLANG_WARN_DOCUMENTATION_COMMENTS = YES;
				CLANG_WARN_EMPTY_BODY = YES;
				CLANG_WARN_ENUM_CONVERSION = YES;
				CLANG_WARN_INFINITE_RECURSION = YES;
				CLANG_WARN_INT_CONVERSION = YES;
				CLANG_WARN_NON_LITERAL_NULL_CONVERSION = YES;
				CLANG_WARN_OBJC_IMPLICIT_RETAIN_SELF = YES;
				CLANG_WARN_OBJC_LITERAL_CONVERSION = YES;
				CLANG_WARN_OBJC_ROOT_CLASS = YES_ERROR;
				CLANG_WARN_QUOTED_INCLUDE_IN_FRAMEWORK_HEADER = YES;
				CLANG_WARN_RANGE_LOOP_ANALYSIS = YES;
				CLANG_WARN_STRICT_PROTOTYPES = YES;
				CLANG_WARN_SUSPICIOUS_MOVE = YES;
				CLANG_WARN_UNGUARDED_AVAILABILITY = YES_AGGRESSIVE;
				CLANG_WARN_UNREACHABLE_CODE = YES;
				CLANG_WARN__DUPLICATE_METHOD_MATCH = YES;
				COPY_PHASE_STRIP = NO;
				DEBUG_INFORMATION_FORMAT = "dwarf-with-dsym";
				ENABLE_NS_ASSERTIONS = NO;
				ENABLE_STRICT_OBJC_MSGSEND = YES;
				GCC_C_LANGUAGE_STANDARD = gnu11;
				GCC_NO_COMMON_BLOCKS = YES;
				GCC_WARN_64_TO_32_BIT_CONVERSION = YES;
				GCC_WARN_ABOUT_RETURN_TYPE = YES_ERROR;
				GCC_WARN_UNDECLARED_SELECTOR = YES;
				GCC_WARN_UNINITIALIZED_AUTOS = YES_AGGRESSIVE;
				GCC_WARN_UNUSED_FUNCTION = YES;
				GCC_WARN_UNUSED_VARIABLE = YES;
				IPHONEOS_DEPLOYMENT_TARGET = 15.4;
				MTL_ENABLE_DEBUG_INFO = NO;
				MTL_FAST_MATH = YES;
				SDKROOT = iphoneos;
				SWIFT_COMPILATION_MODE = wholemodule;
				SWIFT_OPTIMIZATION_LEVEL = "-O";
				VALIDATE_PRODUCT = YES;
			};
			name = Release;
		};
		9F2F29BD2855EAE2006CEBAF /* Debug */ = {
			isa = XCBuildConfiguration;
			buildSettings = {
				ASSETCATALOG_COMPILER_APPICON_NAME = AppIcon;
				ASSETCATALOG_COMPILER_GLOBAL_ACCENT_COLOR_NAME = AccentColor;
				CODE_SIGN_STYLE = Automatic;
				CURRENT_PROJECT_VERSION = 1;
				DEVELOPMENT_TEAM = 96QG56R7V3;
				GENERATE_INFOPLIST_FILE = YES;
				INFOPLIST_FILE = "News-App/Info.plist";
				INFOPLIST_KEY_UIApplicationSupportsIndirectInputEvents = YES;
				INFOPLIST_KEY_UILaunchStoryboardName = LaunchScreen;
				INFOPLIST_KEY_UIMainStoryboardFile = Main;
				INFOPLIST_KEY_UISupportedInterfaceOrientations_iPad = "UIInterfaceOrientationPortrait UIInterfaceOrientationPortraitUpsideDown UIInterfaceOrientationLandscapeLeft UIInterfaceOrientationLandscapeRight";
				INFOPLIST_KEY_UISupportedInterfaceOrientations_iPhone = "UIInterfaceOrientationPortrait UIInterfaceOrientationLandscapeLeft UIInterfaceOrientationLandscapeRight";
				LD_RUNPATH_SEARCH_PATHS = (
					"$(inherited)",
					"@executable_path/Frameworks",
				);
				MARKETING_VERSION = 1.0;
				PRODUCT_BUNDLE_IDENTIFIER = "LyubovMenshikova.News-App";
				PRODUCT_NAME = "$(TARGET_NAME)";
				SWIFT_EMIT_LOC_STRINGS = YES;
				SWIFT_VERSION = 5.0;
				TARGETED_DEVICE_FAMILY = "1,2";
			};
			name = Debug;
		};
		9F2F29BE2855EAE2006CEBAF /* Release */ = {
			isa = XCBuildConfiguration;
			buildSettings = {
				ASSETCATALOG_COMPILER_APPICON_NAME = AppIcon;
				ASSETCATALOG_COMPILER_GLOBAL_ACCENT_COLOR_NAME = AccentColor;
				CODE_SIGN_STYLE = Automatic;
				CURRENT_PROJECT_VERSION = 1;
				DEVELOPMENT_TEAM = 96QG56R7V3;
				GENERATE_INFOPLIST_FILE = YES;
				INFOPLIST_FILE = "News-App/Info.plist";
				INFOPLIST_KEY_UIApplicationSupportsIndirectInputEvents = YES;
				INFOPLIST_KEY_UILaunchStoryboardName = LaunchScreen;
				INFOPLIST_KEY_UIMainStoryboardFile = Main;
				INFOPLIST_KEY_UISupportedInterfaceOrientations_iPad = "UIInterfaceOrientationPortrait UIInterfaceOrientationPortraitUpsideDown UIInterfaceOrientationLandscapeLeft UIInterfaceOrientationLandscapeRight";
				INFOPLIST_KEY_UISupportedInterfaceOrientations_iPhone = "UIInterfaceOrientationPortrait UIInterfaceOrientationLandscapeLeft UIInterfaceOrientationLandscapeRight";
				LD_RUNPATH_SEARCH_PATHS = (
					"$(inherited)",
					"@executable_path/Frameworks",
				);
				MARKETING_VERSION = 1.0;
				PRODUCT_BUNDLE_IDENTIFIER = "LyubovMenshikova.News-App";
				PRODUCT_NAME = "$(TARGET_NAME)";
				SWIFT_EMIT_LOC_STRINGS = YES;
				SWIFT_VERSION = 5.0;
				TARGETED_DEVICE_FAMILY = "1,2";
			};
			name = Release;
		};
/* End XCBuildConfiguration section */

/* Begin XCConfigurationList section */
		9F2F29A32855EAE0006CEBAF /* Build configuration list for PBXProject "News-App" */ = {
			isa = XCConfigurationList;
			buildConfigurations = (
				9F2F29BA2855EAE2006CEBAF /* Debug */,
				9F2F29BB2855EAE2006CEBAF /* Release */,
			);
			defaultConfigurationIsVisible = 0;
			defaultConfigurationName = Release;
		};
		9F2F29BC2855EAE2006CEBAF /* Build configuration list for PBXNativeTarget "News-App" */ = {
			isa = XCConfigurationList;
			buildConfigurations = (
				9F2F29BD2855EAE2006CEBAF /* Debug */,
				9F2F29BE2855EAE2006CEBAF /* Release */,
			);
			defaultConfigurationIsVisible = 0;
			defaultConfigurationName = Release;
		};
/* End XCConfigurationList section */
	};
	rootObject = 9F2F29A02855EAE0006CEBAF /* Project object */;
}
